
Microsoft Visual Studio Solution File, Format Version 10.00
# Visual Studio 2008
Project("{FAE04EC0-301F-11D3-BF4B-00C04F79EFBC}") = "Demo", "Demo\Demo.csproj", "{83C2C02D-65E1-4203-A3DE-5C2EDA2267D2}"
EndProject
Project("{FAE04EC0-301F-11D3-BF4B-00C04F79EFBC}") = "Exif", "Exif\Exif.csproj", "{D85246A1-41D7-49E4-A214-70D24C3CF252}"
EndProject
Global
	GlobalSection(SolutionConfigurationPlatforms) = preSolution
		Debug|Any CPU = Debug|Any CPU
		Release|Any CPU = Release|Any CPU
	EndGlobalSection
	GlobalSection(ProjectConfigurationPlatforms) = postSolution
		{83C2C02D-65E1-4203-A3DE-5C2EDA2267D2}.Debug|Any CPU.ActiveCfg = Debug|Any CPU
		{83C2C02D-65E1-4203-A3DE-5C2EDA2267D2}.Debug|Any CPU.Build.0 = Debug|Any CPU
		{83C2C02D-65E1-4203-A3DE-5C2EDA2267D2}.Release|Any CPU.ActiveCfg = Release|Any CPU
		{83C2C02D-65E1-4203-A3DE-5C2EDA2267D2}.Release|Any CPU.Build.0 = Release|Any CPU
		{D85246A1-41D7-49E4-A214-70D24C3CF252}.Debug|Any CPU.ActiveCfg = Debug|Any CPU
		{D85246A1-41D7-49E4-A214-70D24C3CF252}.Debug|Any CPU.Build.0 = Debug|Any CPU
		{D85246A1-41D7-49E4-A214-70D24C3CF252}.Release|Any CPU.ActiveCfg = Release|Any CPU
		{D85246A1-41D7-49E4-A214-70D24C3CF252}.Release|Any CPU.Build.0 = Release|Any CPU
	EndGlobalSection
	GlobalSection(SolutionProperties) = preSolution
		HideSolutionNode = FALSE
	EndGlobalSection
EndGlobal
